lockfileVersion: '9.0'

settings:
  autoInstallPeers: true
  excludeLinksFromLockfile: false

importers:

  .:
    dependencies:
      '@moonlight-mod/mappings':
        specifier: ^2026.2.0
        version: 2026.2.1(@moonlight-mod/lunast@1.0.1)(@moonlight-mod/moonmap@1.0.7)
      '@moonlight-mod/types':
        specifier: ^2026.2.0
        version: 2026.2.1
    devDependencies:
      '@biomejs/biome':
        specifier: 2.3.14
        version: 2.3.14
      '@electron/asar':
        specifier: ^3.2.8
        version: 3.2.8
      '@moonlight-mod/esbuild-config':
        specifier: ^1.1.0
        version: 1.1.0(esbuild@0.19.3)
      '@types/react':
        specifier: ^19.0.0
        version: 19.1.4
      esbuild:
        specifier: ^0.19.3
        version: 0.19.3
      esbuild-copy-static-files:
        specifier: ^0.1.0
        version: 0.1.0
      esbuild-plugin-inline-import:
        specifier: ^1.1.0
        version: 1.1.0
      typescript:
        specifier: ^5.3.3
        version: 5.7.2

  src/copyWebp:
    dependencies:
      '@jsquash/png':
        specifier: ^3.0.1
        version: 3.0.1
      '@jsquash/webp':
        specifier: ^1.4.0
        version: 1.4.0

packages:

  '@biomejs/biome@2.3.14':
    resolution: {integrity: sha512-QMT6QviX0WqXJCaiqVMiBUCr5WRQ1iFSjvOLoTk6auKukJMvnMzWucXpwZB0e8F00/1/BsS9DzcKgWH+CLqVuA==}
    engines: {node: '>=14.21.3'}
    hasBin: true

  '@biomejs/cli-darwin-arm64@2.3.14':
    resolution: {integrity: sha512-UJGPpvWJMkLxSRtpCAKfKh41Q4JJXisvxZL8ChN1eNW3m/WlPFJ6EFDCE7YfUb4XS8ZFi3C1dFpxUJ0Ety5n+A==}
    engines: {node: '>=14.21.3'}
    cpu: [arm64]
    os: [darwin]

  '@biomejs/cli-darwin-x64@2.3.14':
    resolution: {integrity: sha512-PNkLNQG6RLo8lG7QoWe/hhnMxJIt1tEimoXpGQjwS/dkdNiKBLPv4RpeQl8o3s1OKI3ZOR5XPiYtmbGGHAOnLA==}
    engines: {node: '>=14.21.3'}
    cpu: [x64]
    os: [darwin]

  '@biomejs/cli-linux-arm64-musl@2.3.14':
    resolution: {integrity: sha512-LInRbXhYujtL3sH2TMCH/UBwJZsoGwfQjBrMfl84CD4hL/41C/EU5mldqf1yoFpsI0iPWuU83U+nB2TUUypWeg==}
    engines: {node: '>=14.21.3'}
    cpu: [arm64]
    os: [linux]

  '@biomejs/cli-linux-arm64@2.3.14':
    resolution: {integrity: sha512-KT67FKfzIw6DNnUNdYlBg+eU24Go3n75GWK6NwU4+yJmDYFe9i/MjiI+U/iEzKvo0g7G7MZqoyrhIYuND2w8QQ==}
    engines: {node: '>=14.21.3'}
    cpu: [arm64]
    os: [linux]

  '@biomejs/cli-linux-x64-musl@2.3.14':
    resolution: {integrity: sha512-KQU7EkbBBuHPW3/rAcoiVmhlPtDSGOGRPv9js7qJVpYTzjQmVR+C9Rfcz+ti8YCH+zT1J52tuBybtP4IodjxZQ==}
    engines: {node: '>=14.21.3'}
    cpu: [x64]
    os: [linux]

  '@biomejs/cli-linux-x64@2.3.14':
    resolution: {integrity: sha512-ZsZzQsl9U+wxFrGGS4f6UxREUlgHwmEfu1IrXlgNFrNnd5Th6lIJr8KmSzu/+meSa9f4rzFrbEW9LBBA6ScoMA==}
    engines: {node: '>=14.21.3'}
    cpu: [x64]
    os: [linux]

  '@biomejs/cli-win32-arm64@2.3.14':
    resolution: {integrity: sha512-+IKYkj/pUBbnRf1G1+RlyA3LWiDgra1xpS7H2g4BuOzzRbRB+hmlw0yFsLprHhbbt7jUzbzAbAjK/Pn0FDnh1A==}
    engines: {node: '>=14.21.3'}
    cpu: [arm64]
    os: [win32]

  '@biomejs/cli-win32-x64@2.3.14':
    resolution: {integrity: sha512-oizCjdyQ3WJEswpb3Chdngeat56rIdSYK12JI3iI11Mt5T5EXcZ7WLuowzEaFPNJ3zmOQFliMN8QY1Pi+qsfdQ==}
    engines: {node: '>=14.21.3'}
    cpu: [x64]
    os: [win32]

  '@electron/asar@3.2.8':
    resolution: {integrity: sha512-cmskk5M06ewHMZAplSiF4AlME3IrnnZhKnWbtwKVLRkdJkKyUVjMLhDIiPIx/+6zQWVlKX/LtmK9xDme7540Sg==}
    engines: {node: '>=10.12.0'}
    hasBin: true

  '@esbuild/android-arm64@0.19.3':
    resolution: {integrity: sha512-w+Akc0vv5leog550kjJV9Ru+MXMR2VuMrui3C61mnysim0gkFCPOUTAfzTP0qX+HpN9Syu3YA3p1hf3EPqObRw==}
    engines: {node: '>=12'}
    cpu: [arm64]
    os: [android]

  '@esbuild/android-arm@0.19.3':
    resolution: {integrity: sha512-Lemgw4io4VZl9GHJmjiBGzQ7ONXRfRPHcUEerndjwiSkbxzrpq0Uggku5MxxrXdwJ+pTj1qyw4jwTu7hkPsgIA==}
    engines: {node: '>=12'}
    cpu: [arm]
    os: [android]

  '@esbuild/android-x64@0.19.3':
    resolution: {integrity: sha512-FKQJKkK5MXcBHoNZMDNUAg1+WcZlV/cuXrWCoGF/TvdRiYS4znA0m5Il5idUwfxrE20bG/vU1Cr5e1AD6IEIjQ==}
    engines: {node: '>=12'}
    cpu: [x64]
    os: [android]

  '@esbuild/darwin-arm64@0.19.3':
    resolution: {integrity: sha512-kw7e3FXU+VsJSSSl2nMKvACYlwtvZB8RUIeVShIEY6PVnuZ3c9+L9lWB2nWeeKWNNYDdtL19foCQ0ZyUL7nqGw==}
    engines: {node: '>=12'}
    cpu: [arm64]
    os: [darwin]

  '@esbuild/darwin-x64@0.19.3':
    resolution: {integrity: sha512-tPfZiwF9rO0jW6Jh9ipi58N5ZLoSjdxXeSrAYypy4psA2Yl1dAMhM71KxVfmjZhJmxRjSnb29YlRXXhh3GqzYw==}
    engines: {node: '>=12'}
    cpu: [x64]
    os: [darwin]

  '@esbuild/freebsd-arm64@0.19.3':
    resolution: {integrity: sha512-ERDyjOgYeKe0Vrlr1iLrqTByB026YLPzTytDTz1DRCYM+JI92Dw2dbpRHYmdqn6VBnQ9Bor6J8ZlNwdZdxjlSg==}
    engines: {node: '>=12'}
    cpu: [arm64]
    os: [freebsd]

  '@esbuild/freebsd-x64@0.19.3':
    resolution: {integrity: sha512-nXesBZ2Ad1qL+Rm3crN7NmEVJ5uvfLFPLJev3x1j3feCQXfAhoYrojC681RhpdOph8NsvKBBwpYZHR7W0ifTTA==}
    engines: {node: '>=12'}
    cpu: [x64]
    os: [freebsd]

  '@esbuild/linux-arm64@0.19.3':
    resolution: {integrity: sha512-qXvYKmXj8GcJgWq3aGvxL/JG1ZM3UR272SdPU4QSTzD0eymrM7leiZH77pvY3UetCy0k1xuXZ+VPvoJNdtrsWQ==}
    engines: {node: '>=12'}
    cpu: [arm64]
    os: [linux]

  '@esbuild/linux-arm@0.19.3':
    resolution: {integrity: sha512-zr48Cg/8zkzZCzDHNxXO/89bf9e+r4HtzNUPoz4GmgAkF1gFAFmfgOdCbR8zMbzFDGb1FqBBhdXUpcTQRYS1cQ==}
    engines: {node: '>=12'}
    cpu: [arm]
    os: [linux]

  '@esbuild/linux-ia32@0.19.3':
    resolution: {integrity: sha512-7XlCKCA0nWcbvYpusARWkFjRQNWNGlt45S+Q18UeS///K6Aw8bB2FKYe9mhVWy/XLShvCweOLZPrnMswIaDXQA==}
    engines: {node: '>=12'}
    cpu: [ia32]
    os: [linux]

  '@esbuild/linux-loong64@0.19.3':
    resolution: {integrity: sha512-qGTgjweER5xqweiWtUIDl9OKz338EQqCwbS9c2Bh5jgEH19xQ1yhgGPNesugmDFq+UUSDtWgZ264st26b3de8A==}
    engines: {node: '>=12'}
    cpu: [loong64]
    os: [linux]

  '@esbuild/linux-mips64el@0.19.3':
    resolution: {integrity: sha512-gy1bFskwEyxVMFRNYSvBauDIWNggD6pyxUksc0MV9UOBD138dKTzr8XnM2R4mBsHwVzeuIH8X5JhmNs2Pzrx+A==}
    engines: {node: '>=12'}
    cpu: [mips64el]
    os: [linux]

  '@esbuild/linux-ppc64@0.19.3':
    resolution: {integrity: sha512-UrYLFu62x1MmmIe85rpR3qou92wB9lEXluwMB/STDzPF9k8mi/9UvNsG07Tt9AqwPQXluMQ6bZbTzYt01+Ue5g==}
    engines: {node: '>=12'}
    cpu: [ppc64]
    os: [linux]

  '@esbuild/linux-riscv64@0.19.3':
    resolution: {integrity: sha512-9E73TfyMCbE+1AwFOg3glnzZ5fBAFK4aawssvuMgCRqCYzE0ylVxxzjEfut8xjmKkR320BEoMui4o/t9KA96gA==}
    engines: {node: '>=12'}
    cpu: [riscv64]
    os: [linux]

  '@esbuild/linux-s390x@0.19.3':
    resolution: {integrity: sha512-LlmsbuBdm1/D66TJ3HW6URY8wO6IlYHf+ChOUz8SUAjVTuaisfuwCOAgcxo3Zsu3BZGxmI7yt//yGOxV+lHcEA==}
    engines: {node: '>=12'}
    cpu: [s390x]
    os: [linux]

  '@esbuild/linux-x64@0.19.3':
    resolution: {integrity: sha512-ogV0+GwEmvwg/8ZbsyfkYGaLACBQWDvO0Kkh8LKBGKj9Ru8VM39zssrnu9Sxn1wbapA2qNS6BiLdwJZGouyCwQ==}
    engines: {node: '>=12'}
    cpu: [x64]
    os: [linux]

  '@esbuild/netbsd-x64@0.19.3':
    resolution: {integrity: sha512-o1jLNe4uzQv2DKXMlmEzf66Wd8MoIhLNO2nlQBHLtWyh2MitDG7sMpfCO3NTcoTMuqHjfufgUQDFRI5C+xsXQw==}
    engines: {node: '>=12'}
    cpu: [x64]
    os: [netbsd]

  '@esbuild/openbsd-x64@0.19.3':
    resolution: {integrity: sha512-AZJCnr5CZgZOdhouLcfRdnk9Zv6HbaBxjcyhq0StNcvAdVZJSKIdOiPB9az2zc06ywl0ePYJz60CjdKsQacp5Q==}
    engines: {node: '>=12'}
    cpu: [x64]
    os: [openbsd]

  '@esbuild/sunos-x64@0.19.3':
    resolution: {integrity: sha512-Acsujgeqg9InR4glTRvLKGZ+1HMtDm94ehTIHKhJjFpgVzZG9/pIcWW/HA/DoMfEyXmANLDuDZ2sNrWcjq1lxw==}
    engines: {node: '>=12'}
    cpu: [x64]
    os: [sunos]

  '@esbuild/win32-arm64@0.19.3':
    resolution: {integrity: sha512-FSrAfjVVy7TifFgYgliiJOyYynhQmqgPj15pzLyJk8BUsnlWNwP/IAy6GAiB1LqtoivowRgidZsfpoYLZH586A==}
    engines: {node: '>=12'}
    cpu: [arm64]
    os: [win32]

  '@esbuild/win32-ia32@0.19.3':
    resolution: {integrity: sha512-xTScXYi12xLOWZ/sc5RBmMN99BcXp/eEf7scUC0oeiRoiT5Vvo9AycuqCp+xdpDyAU+LkrCqEpUS9fCSZF8J3Q==}
    engines: {node: '>=12'}
    cpu: [ia32]
    os: [win32]

  '@esbuild/win32-x64@0.19.3':
    resolution: {integrity: sha512-FbUN+0ZRXsypPyWE2IwIkVjDkDnJoMJARWOcFZn4KPPli+QnKqF0z1anvfaYe3ev5HFCpRDLLBDHyOALLppWHw==}
    engines: {node: '>=12'}
    cpu: [x64]
    os: [win32]

  '@jsquash/png@3.0.1':
    resolution: {integrity: sha512-Bnvv93Y5LL92cuk2r2gpV+9JKuDo2/w7bOODw1iPxk8VARknky0sS1tSDgMosUdhNb4CdMlcCm3TMzTaqa3zZw==}

  '@jsquash/webp@1.4.0':
    resolution: {integrity: sha512-yKJb6Hilq+qV/4C4qTDEalBobNwJO09LeHHtilmWg5mYHFUDwMunfeAap/r3cL5KsHkGOoI0IjY2nKbTaHq9Bw==}

  '@moonlight-mod/esbuild-config@1.1.0':
    resolution: {integrity: sha512-R3RR2fztdXvZS0cTdpuKTqJJqovjIgIfdVKC3Ge7YiTIf7unJYp6ebiCVhfDyBn7UtGUsrIplCJhGDGrkZsUnQ==}
    engines: {node: '>=22', npm: pnpm, pnpm: '>=10', yarn: pnpm}
    peerDependencies:
      esbuild: '>= 0.19'

  '@moonlight-mod/lunast@1.0.1':
    resolution: {integrity: sha512-K3vxzDlfFuYKjciIW2FMlcZ1qrrkAGDGpSBlNqYGtJ0sMt9bRCd2lpSpg6AX/giSljDtmAUXa/5mOfUoDQxjBA==}

  '@moonlight-mod/mappings@2026.2.1':
    resolution: {integrity: sha512-sVLHo5WA9sJJ2LX+3DPb0U2+yNleWQ8hcd2BVjORXz9UsK41KpLrzApRuA2MO4dLEGpMKd5K1SGgRucS33BiNQ==}
    engines: {node: '>=22', npm: pnpm, pnpm: '>=10', yarn: pnpm}
    peerDependencies:
      '@moonlight-mod/lunast': ^1.0.1
      '@moonlight-mod/moonmap': ^1.0.7

  '@moonlight-mod/moonmap@1.0.7':
    resolution: {integrity: sha512-K4TXEHYPgAtPjWSPWtO9+jzs7+/OYAF1GGkh1BtXrkeVT8vEFlNMztbZYy+N0bJLWzwytS4mrheMdSaBfJw6fw==}
    engines: {node: '>=22', npm: pnpm, pnpm: '>=10', yarn: pnpm}

  '@moonlight-mod/types@2026.2.1':
    resolution: {integrity: sha512-IMA1HzCzQV9llDhsbER1jyxZx0WPXiUvv0yTQtsq23PKIWokqjXzEjPFJSHShFJsKRkK9veJVTyCUXbFT4o97g==}
    engines: {node: '>=22', npm: pnpm, pnpm: '>=10', yarn: pnpm}

  '@types/chroma-js@3.1.1':
    resolution: {integrity: sha512-SFCr4edNkZ1bGaLzGz7rgR1bRzVX4MmMxwsIa3/Bh6ose8v+hRpneoizHv0KChdjxaXyjRtaMq7sCuZSzPomQA==}

  '@types/estree-jsx@1.0.5':
    resolution: {integrity: sha512-52CcUVNFyfb1A2ALocQw/Dd1BQFNmSdkuC3BkZ6iqhdMfQz7JWOFRuJFloOzjk+6WijU56m9oKXFAXc7o3Towg==}

  '@types/estree@1.0.7':
    resolution: {integrity: sha512-w28IoSUCJpidD/TGviZwwMJckNESJZXFu7NBZ5YJ4mEUnNraUn9Pm8HSZm/jDF1pDWYKspWE7oVphigUPRakIQ==}

  '@types/fbemitter@2.0.35':
    resolution: {integrity: sha512-Xem6d7qUfmouCHntCrRYgDBwbf+WWRd6G+7WEFlEZFZ67LZXiYRvT2LV8wcZa6mIaAil95+ABQdKgB6hPIsnng==}

  '@types/flux@3.1.14':
    resolution: {integrity: sha512-WRXN0kQPCnqxN0/PgNgc7WBF6c8rbSHsEep3/qBLpsQ824RONdOmTs0TV7XhIW2GDNRAHO2CqCgAFLR5PChosw==}

  '@types/highlightjs@9.12.6':
    resolution: {integrity: sha512-Qfd1DUrwE851Hc3tExADJY4qY8yeZMt06Xw9AJm/UtpneepJS3MZY29c33BY0wP899veaaHD4gZzYiSuQm84Fg==}

  '@types/lodash@4.17.20':
    resolution: {integrity: sha512-H3MHACvFUEiujabxhaI/ImO6gUrd8oOurg7LQtS7mbwIXA/cUqWrvBsaeJ23aZEPk1TAYkurjfMbSELfoCXlGA==}

  '@types/node@18.19.2':
    resolution: {integrity: sha512-6wzfBdbWpe8QykUkXBjtmO3zITA0A3FIjoy+in0Y2K4KrCiRhNYJIdwAPDffZ3G6GnaKaSLSEa9ZuORLfEoiwg==}

  '@types/node@22.14.0':
    resolution: {integrity: sha512-Kmpl+z84ILoG+3T/zQFyAJsU6EPTmOCj8/2+83fSN6djd6I4o7uOuGIH6vq3PrjY5BGitSbFuMN18j3iknubbA==}

  '@types/platform@1.3.6':
    resolution: {integrity: sha512-ZmSaqHuvzv+jC232cFoz2QqPUkaj6EvMmCrWcx3WRr7xTPVFCMUOTcOq8m2d+Zw1iKRc1kDiaA+jtNrV0hkVew==}

  '@types/react@19.1.4':
    resolution: {integrity: sha512-EB1yiiYdvySuIITtD5lhW4yPyJ31RkJkkDw794LaQYrxCSaQV/47y5o1FMC4zF9ZyjUjzJMZwbovEnT5yHTW6g==}

  astring@1.9.0:
    resolution: {integrity: sha512-LElXdjswlqjWrPpJFg1Fx4wpkOCxj1TDHlSV4PlaRxHGWko024xICaa97ZkMfs6DRKlCguiAI+rbXv5GWwXIkg==}
    hasBin: true

  balanced-match@1.0.2:
    resolution: {integrity: sha512-3oSeUO0TMV67hN1AmbXsK4yaqU7tjiHlbxRDZOpH0KW9+CeX4bRAaX0Anxt0tx2MrpRpWwQaPwIlISEJhYU5Pw==}

  brace-expansion@1.1.11:
    resolution: {integrity: sha512-iCuPHDFgrHX7H2vEI/5xpz07zSHB00TpugqhmYtVmMO6518mCuRMoOYFldEBl0g187ufozdaHgWKcYFb61qGiA==}

  commander@5.1.0:
    resolution: {integrity: sha512-P0CysNDQ7rtVw4QIQtm+MRxV66vKFSvlsQvGYXZWR3qFU0jlMKHZZZgw8e+8DSah4UDKMqnknRDQz+xuQXQ/Zg==}
    engines: {node: '>= 6'}

  concat-map@0.0.1:
    resolution: {integrity: sha512-/Srv4dswyQNBfohGpz9o6Yb3Gz3SrUDqBH5rTuhGR7ahtlbYKnVxw2bCFMRljaA7EXHaXZ8wsHdodFvbkhKmqg==}

  csstype@3.1.3:
    resolution: {integrity: sha512-M1uQkMl8rQK/szD0LNhtqxIPLpimGm8sOBwU7lLnCpSbTyY3yeU1Vc7l4KT5zT4s/yOxHH5O7tIuuLOCnLADRw==}

  esbuild-copy-static-files@0.1.0:
    resolution: {integrity: sha512-KlpmYqANA1t2nZavEdItfcOjJC6wbHA21v35HJWN32DddGTWKNNGDKljUzbCPojmpD+wAw8/DXr5abJ4jFCE0w==}

  esbuild-plugin-inline-import@1.1.0:
    resolution: {integrity: sha512-b0xX4tPKBdRjX1CkzpnULpEdeTo9vxD+wf83PKvgUYnOEaJfVxLey4q+sfTUPAdDnRRYasJsQUgQW7/e2Gm5Dw==}

  esbuild@0.19.3:
    resolution: {integrity: sha512-UlJ1qUUA2jL2nNib1JTSkifQTcYTroFqRjwCFW4QYEKEsixXD5Tik9xML7zh2gTxkYTBKGHNH9y7txMwVyPbjw==}
    engines: {node: '>=12'}
    hasBin: true

  estree-toolkit@1.7.13:
    resolution: {integrity: sha512-/fLCEcVBUgAtMkGXZHplPVyUv7wiSfsCGubBdM16n1iYCidPfyk1Kk1U0wAxLZADuA3z8k87DfVYXlBmHJeekg==}

  fs.realpath@1.0.0:
    resolution: {integrity: sha512-OO0pH2lK6a0hZnAdau5ItzHPI6pUlvI7jMVnxUQRtw4owF2wk8lOSabtGDCTP4Ggrg2MbGnWO9X8K1t4+fGMDw==}

  glob@7.2.3:
    resolution: {integrity: sha512-nFR0zLpU2YCaRxwoCJvL6UvCH2JFyFVIvwTLsIf21AuHlMskA1hhTdk+LlYJtOlYt9v6dvszD2BGRqBL+iQK9Q==}
    deprecated: Glob versions prior to v9 are no longer supported

  inflight@1.0.6:
    resolution: {integrity: sha512-k92I/b08q4wvFscXCLvqfsHCrjrF7yiXsQuIVvVE7N82W3+aqpzuUdBbfhWcy/FZR3/4IgflMgKLOsvPDrGCJA==}
    deprecated: This module is not supported, and leaks memory. Do not use it. Check out lru-cache if you want a good and tested way to coalesce async requests by a key value, which is much more comprehensive and powerful.

  inherits@2.0.4:
    resolution: {integrity: sha512-k/vGaX4/Yla3WzyMCvTQOXYeIHvqOKtnqBduzTHpzpQZzAskKMhZ2K+EnBiSM9zGSoIFeMpXKxa4dYeZIQqewQ==}

  meriyah@6.0.6:
    resolution: {integrity: sha512-jXJ2Hn1sLcge9QypNdZwbl/GqF5Qdc46TJA20g9KFa4ZnxQx74bDlJ3RfdaFhUIU3yN0lAcP99EH/XPPAcYcHA==}
    engines: {node: '>=18.0.0'}

  minimatch@3.1.2:
    resolution: {integrity: sha512-J7p63hRiAjw1NDEww1W7i37+ByIrOWO5XQQAzZ3VOcL0PNybwpfmV/N05zFAzwQ9USyEcX6t3UO+K5aqBQOIHw==}

  once@1.4.0:
    resolution: {integrity: sha512-lNaJgI+2Q5URQBkccEKHTQOPaXdUxnZZElQTZY0MFUAuaEqe1E+Nyvgdz/aIyNi6Z9MzO5dv1H8n58/GELp3+w==}

  path-is-absolute@1.0.1:
    resolution: {integrity: sha512-AVbw3UJ2e9bq64vSaS9Am0fje1Pa8pbGqTTsmXfaIiMpnr5DlDhfJOuLj9Sf95ZPVDAUerDfEk88MPmPe7UCQg==}
    engines: {node: '>=0.10.0'}

  standalone-electron-types@1.0.0:
    resolution: {integrity: sha512-0HOi/tlTz3mjWhsAz4uRbpQcHMZ+ifj1JzWW9nugykOHClBBG77ps8QinrzX1eow4Iw2pnC+RFaSYRgufF4BOg==}

  typescript@5.7.2:
    resolution: {integrity: sha512-i5t66RHxDvVN40HfDd1PsEThGNnlMCMT3jMUuoh9/0TaqWevNontacunWyN02LA9/fIbEWlcHZcgTKb9QoaLfg==}
    engines: {node: '>=14.17'}
    hasBin: true

  undici-types@5.26.5:
    resolution: {integrity: sha512-JlCMO+ehdEIKqlFxk6IfVoAUVmgz7cU7zD/h9XZ0qzeosSHmUJVOzSQvvYSYWXkFXC+IfLKSIffhv0sVZup6pA==}

  undici-types@6.21.0:
    resolution: {integrity: sha512-iwDZqg0QAGrg9Rav5H4n0M64c3mkR59cJ6wQp+7C4nI0gsmExaedaYLNO44eT4AtBBwjbTiGPMlt2Md0T9H9JQ==}

  wasm-feature-detect@1.8.0:
    resolution: {integrity: sha512-zksaLKM2fVlnB5jQQDqKXXwYHLQUVH9es+5TOOHwGOVJOCeRBCiPjwSg+3tN2AdTCzjgli4jijCH290kXb/zWQ==}

  wrappy@1.0.2:
    resolution: {integrity: sha512-l4Sp/DRseor9wL6EvV2+TuQn63dMkPjZ/sp9XkghTEbV9KlPS1xUsZ3u7/IQO4wxtcFB4bgpQPRcR3QCvezPcQ==}

  zustand@5.0.7:
    resolution: {integrity: sha512-Ot6uqHDW/O2VdYsKLLU8GQu8sCOM1LcoE8RwvLv9uuRT9s6SOHCKs0ZEOhxg+I1Ld+A1Q5lwx+UlKXXUoCZITg==}
    engines: {node: '>=12.20.0'}
    peerDependencies:
      '@types/react': '>=18.0.0'
      immer: '>=9.0.6'
      react: '>=18.0.0'
      use-sync-external-store: '>=1.2.0'
    peerDependenciesMeta:
      '@types/react':
        optional: true
      immer:
        optional: true
      react:
        optional: true
      use-sync-external-store:
        optional: true

snapshots:

  '@biomejs/biome@2.3.14':
    optionalDependencies:
      '@biomejs/cli-darwin-arm64': 2.3.14
      '@biomejs/cli-darwin-x64': 2.3.14
      '@biomejs/cli-linux-arm64': 2.3.14
      '@biomejs/cli-linux-arm64-musl': 2.3.14
      '@biomejs/cli-linux-x64': 2.3.14
      '@biomejs/cli-linux-x64-musl': 2.3.14
      '@biomejs/cli-win32-arm64': 2.3.14
      '@biomejs/cli-win32-x64': 2.3.14

  '@biomejs/cli-darwin-arm64@2.3.14':
    optional: true

  '@biomejs/cli-darwin-x64@2.3.14':
    optional: true

  '@biomejs/cli-linux-arm64-musl@2.3.14':
    optional: true

  '@biomejs/cli-linux-arm64@2.3.14':
    optional: true

  '@biomejs/cli-linux-x64-musl@2.3.14':
    optional: true

  '@biomejs/cli-linux-x64@2.3.14':
    optional: true

  '@biomejs/cli-win32-arm64@2.3.14':
    optional: true

  '@biomejs/cli-win32-x64@2.3.14':
    optional: true

  '@electron/asar@3.2.8':
    dependencies:
      commander: 5.1.0
      glob: 7.2.3
      minimatch: 3.1.2

  '@esbuild/android-arm64@0.19.3':
    optional: true

  '@esbuild/android-arm@0.19.3':
    optional: true

  '@esbuild/android-x64@0.19.3':
    optional: true

  '@esbuild/darwin-arm64@0.19.3':
    optional: true

  '@esbuild/darwin-x64@0.19.3':
    optional: true

  '@esbuild/freebsd-arm64@0.19.3':
    optional: true

  '@esbuild/freebsd-x64@0.19.3':
    optional: true

  '@esbuild/linux-arm64@0.19.3':
    optional: true

  '@esbuild/linux-arm@0.19.3':
    optional: true

  '@esbuild/linux-ia32@0.19.3':
    optional: true

  '@esbuild/linux-loong64@0.19.3':
    optional: true

  '@esbuild/linux-mips64el@0.19.3':
    optional: true

  '@esbuild/linux-ppc64@0.19.3':
    optional: true

  '@esbuild/linux-riscv64@0.19.3':
    optional: true

  '@esbuild/linux-s390x@0.19.3':
    optional: true

  '@esbuild/linux-x64@0.19.3':
    optional: true

  '@esbuild/netbsd-x64@0.19.3':
    optional: true

  '@esbuild/openbsd-x64@0.19.3':
    optional: true

  '@esbuild/sunos-x64@0.19.3':
    optional: true

  '@esbuild/win32-arm64@0.19.3':
    optional: true

  '@esbuild/win32-ia32@0.19.3':
    optional: true

  '@esbuild/win32-x64@0.19.3':
    optional: true

  '@jsquash/png@3.0.1': {}

  '@jsquash/webp@1.4.0':
    dependencies:
      wasm-feature-detect: 1.8.0

  '@moonlight-mod/esbuild-config@1.1.0(esbuild@0.19.3)':
    dependencies:
      esbuild: 0.19.3

  '@moonlight-mod/lunast@1.0.1':
    dependencies:
      astring: 1.9.0
      estree-toolkit: 1.7.13
      meriyah: 6.0.6

  '@moonlight-mod/mappings@2026.2.1(@moonlight-mod/lunast@1.0.1)(@moonlight-mod/moonmap@1.0.7)':
    dependencies:
      '@moonlight-mod/lunast': 1.0.1
      '@moonlight-mod/moonmap': 1.0.7
      '@types/chroma-js': 3.1.1
      '@types/flux': 3.1.14
      '@types/highlightjs': 9.12.6
      '@types/lodash': 4.17.20
      '@types/platform': 1.3.6
      '@types/react': 19.1.4
      csstype: 3.1.3
      zustand: 5.0.7(@types/react@19.1.4)
    transitivePeerDependencies:
      - immer
      - react
      - use-sync-external-store

  '@moonlight-mod/moonmap@1.0.7': {}

  '@moonlight-mod/types@2026.2.1':
    dependencies:
      '@moonlight-mod/lunast': 1.0.1
      '@moonlight-mod/mappings': 2026.2.1(@moonlight-mod/lunast@1.0.1)(@moonlight-mod/moonmap@1.0.7)
      '@moonlight-mod/moonmap': 1.0.7
      '@types/node': 22.14.0
      '@types/react': 19.1.4
      csstype: 3.1.3
      standalone-electron-types: 1.0.0
    transitivePeerDependencies:
      - immer
      - react
      - use-sync-external-store

  '@types/chroma-js@3.1.1': {}

  '@types/estree-jsx@1.0.5':
    dependencies:
      '@types/estree': 1.0.7

  '@types/estree@1.0.7': {}

  '@types/fbemitter@2.0.35': {}

  '@types/flux@3.1.14':
    dependencies:
      '@types/fbemitter': 2.0.35
      '@types/react': 19.1.4

  '@types/highlightjs@9.12.6': {}

  '@types/lodash@4.17.20': {}

  '@types/node@18.19.2':
    dependencies:
      undici-types: 5.26.5

  '@types/node@22.14.0':
    dependencies:
      undici-types: 6.21.0

  '@types/platform@1.3.6': {}

  '@types/react@19.1.4':
    dependencies:
      csstype: 3.1.3

  astring@1.9.0: {}

  balanced-match@1.0.2: {}

  brace-expansion@1.1.11:
    dependencies:
      balanced-match: 1.0.2
      concat-map: 0.0.1

  commander@5.1.0: {}

  concat-map@0.0.1: {}

  csstype@3.1.3: {}

  esbuild-copy-static-files@0.1.0: {}

  esbuild-plugin-inline-import@1.1.0: {}

  esbuild@0.19.3:
    optionalDependencies:
      '@esbuild/android-arm': 0.19.3
      '@esbuild/android-arm64': 0.19.3
      '@esbuild/android-x64': 0.19.3
      '@esbuild/darwin-arm64': 0.19.3
      '@esbuild/darwin-x64': 0.19.3
      '@esbuild/freebsd-arm64': 0.19.3
      '@esbuild/freebsd-x64': 0.19.3
      '@esbuild/linux-arm': 0.19.3
      '@esbuild/linux-arm64': 0.19.3
      '@esbuild/linux-ia32': 0.19.3
      '@esbuild/linux-loong64': 0.19.3
      '@esbuild/linux-mips64el': 0.19.3
      '@esbuild/linux-ppc64': 0.19.3
      '@esbuild/linux-riscv64': 0.19.3
      '@esbuild/linux-s390x': 0.19.3
      '@esbuild/linux-x64': 0.19.3
      '@esbuild/netbsd-x64': 0.19.3
      '@esbuild/openbsd-x64': 0.19.3
      '@esbuild/sunos-x64': 0.19.3
      '@esbuild/win32-arm64': 0.19.3
      '@esbuild/win32-ia32': 0.19.3
      '@esbuild/win32-x64': 0.19.3

  estree-toolkit@1.7.13:
    dependencies:
      '@types/estree': 1.0.7
      '@types/estree-jsx': 1.0.5

  fs.realpath@1.0.0: {}

  glob@7.2.3:
    dependencies:
      fs.realpath: 1.0.0
      inflight: 1.0.6
      inherits: 2.0.4
      minimatch: 3.1.2
      once: 1.4.0
      path-is-absolute: 1.0.1

  inflight@1.0.6:
    dependencies:
      once: 1.4.0
      wrappy: 1.0.2

  inherits@2.0.4: {}

  meriyah@6.0.6: {}

  minimatch@3.1.2:
    dependencies:
      brace-expansion: 1.1.11

  once@1.4.0:
    dependencies:
      wrappy: 1.0.2

  path-is-absolute@1.0.1: {}

  standalone-electron-types@1.0.0:
    dependencies:
      '@types/node': 18.19.2

  typescript@5.7.2: {}

  undici-types@5.26.5: {}

  undici-types@6.21.0: {}

  wasm-feature-detect@1.8.0: {}

  wrappy@1.0.2: {}

  zustand@5.0.7(@types/react@19.1.4):
    optionalDependencies:
      '@types/react': 19.1.4
